// !$*UTF8*$!
{
	archiveVersion = 1;
	classes = {
	};
	objectVersion = 46;
	objects = {

/* Begin PBXBuildFile section */
		20F5F29DCFD40BAF1E80CB25 /* libCIMLuaBindingFoundation.a in Frameworks */ = {isa = PBXBuildFile; fileRef = 129600B1B06B2CDF1DBF5C05 /* libCIMLuaBindingFoundation.a */; };
		2A531041543C4E7398F7C1AA /* libCIMLua.a in Frameworks */ = {isa = PBXBuildFile; fileRef = 674CFC238253476E8326FBE7 /* libCIMLua.a */; };
		2E3BEB5E22DA6DC42789A0A7 /* libCIMLuaBindingCoreLocation.a in Frameworks */ = {isa = PBXBuildFile; fileRef = 6D243DDC7C47E72BA3353086 /* libCIMLuaBindingCoreLocation.a */; };
		3142576F7C5A58E70EF6324A /* libCIMLuaBindingWatchKit.a in Frameworks */ = {isa = PBXBuildFile; fileRef = A47D495419411457035F1274 /* libCIMLuaBindingWatchKit.a */; };
		5D7941D6291C4C84BC641069 /* CoreLocation.framework in Frameworks */ = {isa = PBXBuildFile; fileRef = 771C1874EB104B29834D006B /* CoreLocation.framework */; };
		6ED9F9655DDE4B5E89616971 /* Foundation.framework in Frameworks */ = {isa = PBXBuildFile; fileRef = 2B2D73FBBB39473D9C1A79AB /* Foundation.framework */; };
		7A3CC52FEAC14F7AB1DA97DB /* MobileCoreServices.framework in Frameworks */ = {isa = PBXBuildFile; fileRef = 6F1B7489D9C34277968248EB /* MobileCoreServices.framework */; };
		8FD7509568154AAFB90645C1 /* Foundation.framework in Frameworks */ = {isa = PBXBuildFile; fileRef = 2B2D73FBBB39473D9C1A79AB /* Foundation.framework */; };
		98144E9860255EDF3D81EF0A /* libCIMLuaBindingMapKit.a in Frameworks */ = {isa = PBXBuildFile; fileRef = 9266342DB8507C712DBA738C /* libCIMLuaBindingMapKit.a */; };
		A38A747DE35E44E5827C70C4 /* libCIMLuaDebugServerIOS.a in Frameworks */ = {isa = PBXBuildFile; fileRef = 468AF7E77CF4418885DBA30C /* libCIMLuaDebugServerIOS.a */; };
		A87DD988FEE7463E8D1E86C9 /* MapKit.framework in Frameworks */ = {isa = PBXBuildFile; fileRef = E5C0652815C24ECEAD662820 /* MapKit.framework */; };
		CCBCCB54F582CAFB58EF83D8 /* libCIMLuaBindingWatchApp1 WatchKit Extension.a in Frameworks */ = {isa = PBXBuildFile; fileRef = E497CF931B3368F64FF3F2A6 /* libCIMLuaBindingWatchApp1 WatchKit Extension.a */; };
		FD05F8111A20D94C00ABD79E /* PushNotificationPayload 2.json in Resources */ = {isa = PBXBuildFile; fileRef = FD05F8101A20D94C00ABD79E /* PushNotificationPayload 2.json */; };
		FD0B2DC21A222FB900461532 /* LuaContext.m in Sources */ = {isa = PBXBuildFile; fileRef = FD7E8C131A1E37B500DE8818 /* LuaContext.m */; };
		FD1B818D1A237A0900BCB35D /* bSpearman_Walk_Left1@2x.png in Resources */ = {isa = PBXBuildFile; fileRef = FD1B81831A237A0900BCB35D /* bSpearman_Walk_Left1@2x.png */; };
		FD1B818E1A237A0900BCB35D /* bSpearman_Walk_Left2@2x.png in Resources */ = {isa = PBXBuildFile; fileRef = FD1B81841A237A0900BCB35D /* bSpearman_Walk_Left2@2x.png */; };
		FD1B818F1A237A0900BCB35D /* bSpearman_Walk_Left3@2x.png in Resources */ = {isa = PBXBuildFile; fileRef = FD1B81851A237A0900BCB35D /* bSpearman_Walk_Left3@2x.png */; };
		FD1B81901A237A0900BCB35D /* bSpearman_Walk_Left4@2x.png in Resources */ = {isa = PBXBuildFile; fileRef = FD1B81861A237A0900BCB35D /* bSpearman_Walk_Left4@2x.png */; };
		FD1B81911A237A0900BCB35D /* bSpearman_Walk_Left5@2x.png in Resources */ = {isa = PBXBuildFile; fileRef = FD1B81871A237A0900BCB35D /* bSpearman_Walk_Left5@2x.png */; };
		FD1B81921A237A0900BCB35D /* bSpearman_Walk_Left6@2x.png in Resources */ = {isa = PBXBuildFile; fileRef = FD1B81881A237A0900BCB35D /* bSpearman_Walk_Left6@2x.png */; };
		FD1B81931A237A0900BCB35D /* bSpearman_Walk_Left7@2x.png in Resources */ = {isa = PBXBuildFile; fileRef = FD1B81891A237A0900BCB35D /* bSpearman_Walk_Left7@2x.png */; };
		FD1B81941A237A0900BCB35D /* bSpearman_Walk_Left8@2x.png in Resources */ = {isa = PBXBuildFile; fileRef = FD1B818A1A237A0900BCB35D /* bSpearman_Walk_Left8@2x.png */; };
		FD1B81951A237A0900BCB35D /* bSpearman_Walk_Left9@2x.png in Resources */ = {isa = PBXBuildFile; fileRef = FD1B818B1A237A0900BCB35D /* bSpearman_Walk_Left9@2x.png */; };
		FD1B81961A237A0900BCB35D /* bSpearman_Walk_Left10@2x.png in Resources */ = {isa = PBXBuildFile; fileRef = FD1B818C1A237A0900BCB35D /* bSpearman_Walk_Left10@2x.png */; };
		FD1B81981A237AC900BCB35D /* GreenCheckedIcon@2x.png in Resources */ = {isa = PBXBuildFile; fileRef = FD1B81971A237AC900BCB35D /* GreenCheckedIcon@2x.png */; };
		FD1B819B1A237C7A00BCB35D /* SpearmanController.m in Sources */ = {isa = PBXBuildFile; fileRef = FD1B819A1A237C7A00BCB35D /* SpearmanController.m */; };
		FD1B819E1A2388EB00BCB35D /* snail@2x.png in Resources */ = {isa = PBXBuildFile; fileRef = FD1B819C1A2388EB00BCB35D /* snail@2x.png */; };
		FD1B819F1A2388EB00BCB35D /* rabbit@2x.png in Resources */ = {isa = PBXBuildFile; fileRef = FD1B819D1A2388EB00BCB35D /* rabbit@2x.png */; };
		FD22727C1A416828000C77C3 /* DetailController.m in Sources */ = {isa = PBXBuildFile; fileRef = FD22727B1A416828000C77C3 /* DetailController.m */; };
		FD6CEAB01A1DF52800DE01B0 /* main.m in Sources */ = {isa = PBXBuildFile; fileRef = FD6CEAAF1A1DF52800DE01B0 /* main.m */; };
		FD6CEAB31A1DF52800DE01B0 /* AppDelegate.m in Sources */ = {isa = PBXBuildFile; fileRef = FD6CEAB21A1DF52800DE01B0 /* AppDelegate.m */; };
		FD6CEAB51A1DF52800DE01B0 /* Images.xcassets in Resources */ = {isa = PBXBuildFile; fileRef = FD6CEAB41A1DF52800DE01B0 /* Images.xcassets */; };
		FD6CEAB81A1DF52800DE01B0 /* LaunchScreen.xib in Resources */ = {isa = PBXBuildFile; fileRef = FD6CEAB61A1DF52800DE01B0 /* LaunchScreen.xib */; };
		FD6CEAD41A1DF57500DE01B0 /* WatchKit.framework in Frameworks */ = {isa = PBXBuildFile; fileRef = FD6CEAD31A1DF57500DE01B0 /* WatchKit.framework */; };
		FD6CEADB1A1DF57500DE01B0 /* InterfaceController.m in Sources */ = {isa = PBXBuildFile; fileRef = FD6CEADA1A1DF57500DE01B0 /* InterfaceController.m */; };
		FD6CEADE1A1DF57500DE01B0 /* NotificationController.m in Sources */ = {isa = PBXBuildFile; fileRef = FD6CEADD1A1DF57500DE01B0 /* NotificationController.m */; };
		FD6CEAE31A1DF57500DE01B0 /* Images.xcassets in Resources */ = {isa = PBXBuildFile; fileRef = FD6CEAE21A1DF57500DE01B0 /* Images.xcassets */; };
		FD6CEAE71A1DF57500DE01B0 /* WatchApp1 Watch App.app in Resources */ = {isa = PBXBuildFile; fileRef = FD6CEAE61A1DF57500DE01B0 /* WatchApp1 Watch App.app */; };
		FD6CEAEE1A1DF57500DE01B0 /* Interface.storyboard in Resources */ = {isa = PBXBuildFile; fileRef = FD6CEAED1A1DF57500DE01B0 /* Interface.storyboard */; };
		FD6CEAF01A1DF57500DE01B0 /* Images.xcassets in Resources */ = {isa = PBXBuildFile; fileRef = FD6CEAEF1A1DF57500DE01B0 /* Images.xcassets */; };
		FD6CEAF31A1DF57500DE01B0 /* WatchApp1 WatchKit Extension.appex in Embed App Extensions */ = {isa = PBXBuildFile; fileRef = FD6CEAD11A1DF57500DE01B0 /* WatchApp1 WatchKit Extension.appex */; settings = {ATTRIBUTES = (RemoveHeadersOnCopy, ); }; };
		FD90F8171A2486E900251ED4 /* MapController.m in Sources */ = {isa = PBXBuildFile; fileRef = FD90F8161A2486E900251ED4 /* MapController.m */; };
/* End PBXBuildFile section */

/* Begin PBXContainerItemProxy section */
		FD6CEAE81A1DF57500DE01B0 /* PBXContainerItemProxy */ = {
			isa = PBXContainerItemProxy;
			containerPortal = FD6CEAA21A1DF52800DE01B0 /* Project object */;
			proxyType = 1;
			remoteGlobalIDString = FD6CEAE51A1DF57500DE01B0;
			remoteInfo = "WatchApp1 Watch App";
		};
		FD6CEAF11A1DF57500DE01B0 /* PBXContainerItemProxy */ = {
			isa = PBXContainerItemProxy;
			containerPortal = FD6CEAA21A1DF52800DE01B0 /* Project object */;
			proxyType = 1;
			remoteGlobalIDString = FD6CEAD01A1DF57500DE01B0;
			remoteInfo = "WatchApp1 WatchKit Extension";
		};
/* End PBXContainerItemProxy section */

/* Begin PBXCopyFilesBuildPhase section */
		FD6CEAFA1A1DF57500DE01B0 /* Embed App Extensions */ = {
			isa = PBXCopyFilesBuildPhase;
			buildActionMask = 2147483647;
			dstPath = "";
			dstSubfolderSpec = 13;
			files = (
				FD6CEAF31A1DF57500DE01B0 /* WatchApp1 WatchKit Extension.appex in Embed App Extensions */,
			);
			name = "Embed App Extensions";
			runOnlyForDeploymentPostprocessing = 0;
		};
/* End PBXCopyFilesBuildPhase section */

/* Begin PBXFileReference section */
		129600B1B06B2CDF1DBF5C05 /* libCIMLuaBindingFoundation.a */ = {isa = PBXFileReference; includeInIndex = 1; lastKnownFileType = archive.ar; name = libCIMLuaBindingFoundation.a; path = "/Users/jean-luc/Library/Application Support/com.celedev.CodeFlow/iphoneos/iOS-8.3-SDK.luabindings/BindingLibs/libCIMLuaBindingFoundation.a"; sourceTree = "<absolute>"; };
		2B2D73FBBB39473D9C1A79AB /* Foundation.framework */ = {isa = PBXFileReference; lastKnownFileType = wrapper.framework; name = Foundation.framework; path = System/Library/Frameworks/Foundation.framework; sourceTree = SDKROOT; };
		468AF7E77CF4418885DBA30C /* libCIMLuaDebugServerIOS.a */ = {isa = PBXFileReference; includeInIndex = 1; lastKnownFileType = archive.ar; name = libCIMLuaDebugServerIOS.a; path = "/Users/jean-luc/Library/Application Support/com.celedev.CodeFlow/iphoneos/libCIMLuaDebugServerIOS.a"; sourceTree = "<absolute>"; };
		674CFC238253476E8326FBE7 /* libCIMLua.a */ = {isa = PBXFileReference; includeInIndex = 1; lastKnownFileType = archive.ar; name = libCIMLua.a; path = "/Users/jean-luc/Library/Application Support/com.celedev.CodeFlow/iphoneos/libCIMLua.a"; sourceTree = "<absolute>"; };
		6D243DDC7C47E72BA3353086 /* libCIMLuaBindingCoreLocation.a */ = {isa = PBXFileReference; includeInIndex = 1; lastKnownFileType = archive.ar; name = libCIMLuaBindingCoreLocation.a; path = "/Users/jean-luc/Library/Application Support/com.celedev.CodeFlow/iphoneos/iOS-8.3-SDK.luabindings/BindingLibs/libCIMLuaBindingCoreLocation.a"; sourceTree = "<absolute>"; };
		6F1B7489D9C34277968248EB /* MobileCoreServices.framework */ = {isa = PBXFileReference; lastKnownFileType = wrapper.framework; name = MobileCoreServices.framework; path = System/Library/Frameworks/MobileCoreServices.framework; sourceTree = SDKROOT; };
		771C1874EB104B29834D006B /* CoreLocation.framework */ = {isa = PBXFileReference; lastKnownFileType = wrapper.framework; name = CoreLocation.framework; path = System/Library/Frameworks/CoreLocation.framework; sourceTree = SDKROOT; };
		9266342DB8507C712DBA738C /* libCIMLuaBindingMapKit.a */ = {isa = PBXFileReference; includeInIndex = 1; lastKnownFileType = archive.ar; name = libCIMLuaBindingMapKit.a; path = "/Users/jean-luc/Library/Application Support/com.celedev.CodeFlow/iphoneos/iOS-8.3-SDK.luabindings/BindingLibs/libCIMLuaBindingMapKit.a"; sourceTree = "<absolute>"; };
		A47D495419411457035F1274 /* libCIMLuaBindingWatchKit.a */ = {isa = PBXFileReference; includeInIndex = 1; lastKnownFileType = archive.ar; name = libCIMLuaBindingWatchKit.a; path = "/Users/jean-luc/Library/Application Support/com.celedev.CodeFlow/iphoneos/iOS-8.3-SDK.luabindings/BindingLibs/libCIMLuaBindingWatchKit.a"; sourceTree = "<absolute>"; };
		E497CF931B3368F64FF3F2A6 /* libCIMLuaBindingWatchApp1 WatchKit Extension.a */ = {isa = PBXFileReference; includeInIndex = 1; lastKnownFileType = archive.ar; name = "libCIMLuaBindingWatchApp1 WatchKit Extension.a"; path = "/Users/jean-luc/Library/Caches/com.celedev.CodeFlow/Programs/E8D3191B-CDEC-400A-8F55-7CA0F2D3F99C/ExternalLibs/WatchApp1 WatchKit Extension.luabindings/BindingLibs/libCIMLuaBindingWatchApp1 WatchKit Extension.a"; sourceTree = "<absolute>"; };
		E5C0652815C24ECEAD662820 /* MapKit.framework */ = {isa = PBXFileReference; lastKnownFileType = wrapper.framework; name = MapKit.framework; path = System/Library/Frameworks/MapKit.framework; sourceTree = SDKROOT; };
		FD05F8101A20D94C00ABD79E /* PushNotificationPayload 2.json */ = {isa = PBXFileReference; fileEncoding = 4; lastKnownFileType = text.json; path = "PushNotificationPayload 2.json"; sourceTree = "<group>"; };
		FD1B81831A237A0900BCB35D /* bSpearman_Walk_Left1@2x.png */ = {isa = PBXFileReference; lastKnownFileType = image.png; path = "bSpearman_Walk_Left1@2x.png"; sourceTree = "<group>"; };
		FD1B81841A237A0900BCB35D /* bSpearman_Walk_Left2@2x.png */ = {isa = PBXFileReference; lastKnownFileType = image.png; path = "bSpearman_Walk_Left2@2x.png"; sourceTree = "<group>"; };
		FD1B81851A237A0900BCB35D /* bSpearman_Walk_Left3@2x.png */ = {isa = PBXFileReference; lastKnownFileType = image.png; path = "bSpearman_Walk_Left3@2x.png"; sourceTree = "<group>"; };
		FD1B81861A237A0900BCB35D /* bSpearman_Walk_Left4@2x.png */ = {isa = PBXFileReference; lastKnownFileType = image.png; path = "bSpearman_Walk_Left4@2x.png"; sourceTree = "<group>"; };
		FD1B81871A237A0900BCB35D /* bSpearman_Walk_Left5@2x.png */ = {isa = PBXFileReference; lastKnownFileType = image.png; path = "bSpearman_Walk_Left5@2x.png"; sourceTree = "<group>"; };
		FD1B81881A237A0900BCB35D /* bSpearman_Walk_Left6@2x.png */ = {isa = PBXFileReference; lastKnownFileType = image.png; path = "bSpearman_Walk_Left6@2x.png"; sourceTree = "<group>"; };
		FD1B81891A237A0900BCB35D /* bSpearman_Walk_Left7@2x.png */ = {isa = PBXFileReference; lastKnownFileType = image.png; path = "bSpearman_Walk_Left7@2x.png"; sourceTree = "<group>"; };
		FD1B818A1A237A0900BCB35D /* bSpearman_Walk_Left8@2x.png */ = {isa = PBXFileReference; lastKnownFileType = image.png; path = "bSpearman_Walk_Left8@2x.png"; sourceTree = "<group>"; };
		FD1B818B1A237A0900BCB35D /* bSpearman_Walk_Left9@2x.png */ = {isa = PBXFileReference; lastKnownFileType = image.png; path = "bSpearman_Walk_Left9@2x.png"; sourceTree = "<group>"; };
		FD1B818C1A237A0900BCB35D /* bSpearman_Walk_Left10@2x.png */ = {isa = PBXFileReference; lastKnownFileType = image.png; path = "bSpearman_Walk_Left10@2x.png"; sourceTree = "<group>"; };
		FD1B81971A237AC900BCB35D /* GreenCheckedIcon@2x.png */ = {isa = PBXFileReference; lastKnownFileType = image.png; path = "GreenCheckedIcon@2x.png"; sourceTree = "<group>"; };
		FD1B81991A237C7A00BCB35D /* SpearmanController.h */ = {isa = PBXFileReference; fileEncoding = 4; lastKnownFileType = sourcecode.c.h; path = SpearmanController.h; sourceTree = "<group>"; };
		FD1B819A1A237C7A00BCB35D /* SpearmanController.m */ = {isa = PBXFileReference; fileEncoding = 4; lastKnownFileType = sourcecode.c.objc; path = SpearmanController.m; sourceTree = "<group>"; };
		FD1B819C1A2388EB00BCB35D /* snail@2x.png */ = {isa = PBXFileReference; lastKnownFileType = image.png; path = "snail@2x.png"; sourceTree = "<group>"; };
		FD1B819D1A2388EB00BCB35D /* rabbit@2x.png */ = {isa = PBXFileReference; lastKnownFileType = image.png; path = "rabbit@2x.png"; sourceTree = "<group>"; };
		FD22727A1A416828000C77C3 /* DetailController.h */ = {isa = PBXFileReference; fileEncoding = 4; lastKnownFileType = sourcecode.c.h; path = DetailController.h; sourceTree = "<group>"; };
		FD22727B1A416828000C77C3 /* DetailController.m */ = {isa = PBXFileReference; fileEncoding = 4; lastKnownFileType = sourcecode.c.objc; path = DetailController.m; sourceTree = "<group>"; };
		FD6CEAAA1A1DF52800DE01B0 /* WatchApp1.app */ = {isa = PBXFileReference; explicitFileType = wrapper.application; includeInIndex = 0; path = WatchApp1.app; sourceTree = BUILT_PRODUCTS_DIR; };
		FD6CEAAE1A1DF52800DE01B0 /* Info.plist */ = {isa = PBXFileReference; lastKnownFileType = text.plist.xml; path = Info.plist; sourceTree = "<group>"; };
		FD6CEAAF1A1DF52800DE01B0 /* main.m */ = {isa = PBXFileReference; lastKnownFileType = sourcecode.c.objc; path = main.m; sourceTree = "<group>"; };
		FD6CEAB11A1DF52800DE01B0 /* AppDelegate.h */ = {isa = PBXFileReference; lastKnownFileType = sourcecode.c.h; path = AppDelegate.h; sourceTree = "<group>"; };
		FD6CEAB21A1DF52800DE01B0 /* AppDelegate.m */ = {isa = PBXFileReference; lastKnownFileType = sourcecode.c.objc; path = AppDelegate.m; sourceTree = "<group>"; };
		FD6CEAB41A1DF52800DE01B0 /* Images.xcassets */ = {isa = PBXFileReference; lastKnownFileType = folder.assetcatalog; path = Images.xcassets; sourceTree = "<group>"; };
		FD6CEAB71A1DF52800DE01B0 /* Base */ = {isa = PBXFileReference; lastKnownFileType = file.xib; name = Base; path = Base.lproj/LaunchScreen.xib; sourceTree = "<group>"; };
		FD6CEAD11A1DF57500DE01B0 /* WatchApp1 WatchKit Extension.appex */ = {isa = PBXFileReference; explicitFileType = "wrapper.app-extension"; includeInIndex = 0; path = "WatchApp1 WatchKit Extension.appex"; sourceTree = BUILT_PRODUCTS_DIR; };
		FD6CEAD31A1DF57500DE01B0 /* WatchKit.framework */ = {isa = PBXFileReference; lastKnownFileType = wrapper.framework; name = WatchKit.framework; path = System/Library/Frameworks/WatchKit.framework; sourceTree = SDKROOT; };
		FD6CEAD71A1DF57500DE01B0 /* Info.plist */ = {isa = PBXFileReference; lastKnownFileType = text.plist.xml; path = Info.plist; sourceTree = "<group>"; };
		FD6CEAD81A1DF57500DE01B0 /* PushNotificationPayload.json */ = {isa = PBXFileReference; lastKnownFileType = text.json; path = PushNotificationPayload.json; sourceTree = "<group>"; };
		FD6CEAD91A1DF57500DE01B0 /* InterfaceController.h */ = {isa = PBXFileReference; lastKnownFileType = sourcecode.c.h; path = InterfaceController.h; sourceTree = "<group>"; };
		FD6CEADA1A1DF57500DE01B0 /* InterfaceController.m */ = {isa = PBXFileReference; lastKnownFileType = sourcecode.c.objc; path = InterfaceController.m; sourceTree = "<group>"; };
		FD6CEADC1A1DF57500DE01B0 /* NotificationController.h */ = {isa = PBXFileReference; lastKnownFileType = sourcecode.c.h; path = NotificationController.h; sourceTree = "<group>"; };
		FD6CEADD1A1DF57500DE01B0 /* NotificationController.m */ = {isa = PBXFileReference; lastKnownFileType = sourcecode.c.objc; path = NotificationController.m; sourceTree = "<group>"; };
		FD6CEAE21A1DF57500DE01B0 /* Images.xcassets */ = {isa = PBXFileReference; lastKnownFileType = folder.assetcatalog; path = Images.xcassets; sourceTree = "<group>"; };
		FD6CEAE61A1DF57500DE01B0 /* WatchApp1 Watch App.app */ = {isa = PBXFileReference; explicitFileType = wrapper.application; includeInIndex = 0; path = "WatchApp1 Watch App.app"; sourceTree = BUILT_PRODUCTS_DIR; };
		FD6CEAEC1A1DF57500DE01B0 /* Info.plist */ = {isa = PBXFileReference; lastKnownFileType = text.plist.xml; path = Info.plist; sourceTree = "<group>"; };
		FD6CEAED1A1DF57500DE01B0 /* Interface.storyboard */ = {isa = PBXFileReference; lastKnownFileType = file.storyboard; path = Interface.storyboard; sourceTree = "<group>"; };
		FD6CEAEF1A1DF57500DE01B0 /* Images.xcassets */ = {isa = PBXFileReference; lastKnownFileType = folder.assetcatalog; path = Images.xcassets; sourceTree = "<group>"; };
		FD7E8C131A1E37B500DE8818 /* LuaContext.m */ = {isa = PBXFileReference; fileEncoding = 4; lastKnownFileType = sourcecode.c.objc; path = LuaContext.m; sourceTree = "<group>"; };
		FD90F8151A2486E900251ED4 /* MapController.h */ = {isa = PBXFileReference; fileEncoding = 4; lastKnownFileType = sourcecode.c.h; path = MapController.h; sourceTree = "<group>"; };
		FD90F8161A2486E900251ED4 /* MapController.m */ = {isa = PBXFileReference; fileEncoding = 4; lastKnownFileType = sourcecode.c.objc; path = MapController.m; sourceTree = "<group>"; };
		FD90F8201A25F1AC00251ED4 /* WatchApp1.entitlements */ = {isa = PBXFileReference; lastKnownFileType = text.xml; path = WatchApp1.entitlements; sourceTree = "<group>"; };
/* End PBXFileReference section */

/* Begin PBXFrameworksBuildPhase section */
		FD6CEAA71A1DF52800DE01B0 /* Frameworks */ = {
			isa = PBXFrameworksBuildPhase;
			buildActionMask = 2147483647;
			files = (
				8FD7509568154AAFB90645C1 /* Foundation.framework in Frameworks */,
			);
			runOnlyForDeploymentPostprocessing = 0;
		};
		FD6CEACE1A1DF57500DE01B0 /* Frameworks */ = {
			isa = PBXFrameworksBuildPhase;
			buildActionMask = 2147483647;
			files = (
				FD6CEAD41A1DF57500DE01B0 /* WatchKit.framework in Frameworks */,
				7A3CC52FEAC14F7AB1DA97DB /* MobileCoreServices.framework in Frameworks */,
				6ED9F9655DDE4B5E89616971 /* Foundation.framework in Frameworks */,
				A87DD988FEE7463E8D1E86C9 /* MapKit.framework in Frameworks */,
				5D7941D6291C4C84BC641069 /* CoreLocation.framework in Frameworks */,
				2A531041543C4E7398F7C1AA /* libCIMLua.a in Frameworks */,
				A38A747DE35E44E5827C70C4 /* libCIMLuaDebugServerIOS.a in Frameworks */,
				98144E9860255EDF3D81EF0A /* libCIMLuaBindingMapKit.a in Frameworks */,
				3142576F7C5A58E70EF6324A /* libCIMLuaBindingWatchKit.a in Frameworks */,
				20F5F29DCFD40BAF1E80CB25 /* libCIMLuaBindingFoundation.a in Frameworks */,
				2E3BEB5E22DA6DC42789A0A7 /* libCIMLuaBindingCoreLocation.a in Frameworks */,
				CCBCCB54F582CAFB58EF83D8 /* libCIMLuaBindingWatchApp1 WatchKit Extension.a in Frameworks */,
			);
			runOnlyForDeploymentPostprocessing = 0;
		};
/* End PBXFrameworksBuildPhase section */

/* Begin PBXGroup section */
		FD1B81821A2379DC00BCB35D /* Images */ = {
			isa = PBXGroup;
			children = (
				FD1B81971A237AC900BCB35D /* GreenCheckedIcon@2x.png */,
				FD1B81831A237A0900BCB35D /* bSpearman_Walk_Left1@2x.png */,
				FD1B81841A237A0900BCB35D /* bSpearman_Walk_Left2@2x.png */,
				FD1B81851A237A0900BCB35D /* bSpearman_Walk_Left3@2x.png */,
				FD1B81861A237A0900BCB35D /* bSpearman_Walk_Left4@2x.png */,
				FD1B81871A237A0900BCB35D /* bSpearman_Walk_Left5@2x.png */,
				FD1B81881A237A0900BCB35D /* bSpearman_Walk_Left6@2x.png */,
				FD1B81891A237A0900BCB35D /* bSpearman_Walk_Left7@2x.png */,
				FD1B818A1A237A0900BCB35D /* bSpearman_Walk_Left8@2x.png */,
				FD1B818B1A237A0900BCB35D /* bSpearman_Walk_Left9@2x.png */,
				FD1B818C1A237A0900BCB35D /* bSpearman_Walk_Left10@2x.png */,
				FD1B819C1A2388EB00BCB35D /* snail@2x.png */,
				FD1B819D1A2388EB00BCB35D /* rabbit@2x.png */,
			);
			name = Images;
			sourceTree = "<group>";
		};
		FD6CEAA11A1DF52800DE01B0 = {
			isa = PBXGroup;
			children = (
				FD6CEAAC1A1DF52800DE01B0 /* WatchApp1 */,
				FD6CEAD51A1DF57500DE01B0 /* WatchApp1 WatchKit Extension */,
				FD6CEAEA1A1DF57500DE01B0 /* WatchApp1 Watch App */,
				FD6CEAD21A1DF57500DE01B0 /* Frameworks */,
				FD6CEAAB1A1DF52800DE01B0 /* Products */,
			);
			sourceTree = "<group>";
		};
		FD6CEAAB1A1DF52800DE01B0 /* Products */ = {
			isa = PBXGroup;
			children = (
				FD6CEAAA1A1DF52800DE01B0 /* WatchApp1.app */,
				FD6CEAD11A1DF57500DE01B0 /* WatchApp1 WatchKit Extension.appex */,
				FD6CEAE61A1DF57500DE01B0 /* WatchApp1 Watch App.app */,
			);
			name = Products;
			sourceTree = "<group>";
		};
		FD6CEAAC1A1DF52800DE01B0 /* WatchApp1 */ = {
			isa = PBXGroup;
			children = (
				FD90F8201A25F1AC00251ED4 /* WatchApp1.entitlements */,
				FD6CEAB11A1DF52800DE01B0 /* AppDelegate.h */,
				FD6CEAB21A1DF52800DE01B0 /* AppDelegate.m */,
				FD6CEAB41A1DF52800DE01B0 /* Images.xcassets */,
				FD6CEAB61A1DF52800DE01B0 /* LaunchScreen.xib */,
				FD6CEAAD1A1DF52800DE01B0 /* Supporting Files */,
			);
			path = WatchApp1;
			sourceTree = "<group>";
		};
		FD6CEAAD1A1DF52800DE01B0 /* Supporting Files */ = {
			isa = PBXGroup;
			children = (
				FD6CEAAE1A1DF52800DE01B0 /* Info.plist */,
				FD6CEAAF1A1DF52800DE01B0 /* main.m */,
			);
			name = "Supporting Files";
			sourceTree = "<group>";
		};
		FD6CEAD21A1DF57500DE01B0 /* Frameworks */ = {
			isa = PBXGroup;
			children = (
				FD6CEAD31A1DF57500DE01B0 /* WatchKit.framework */,
				6F1B7489D9C34277968248EB /* MobileCoreServices.framework */,
				2B2D73FBBB39473D9C1A79AB /* Foundation.framework */,
				E5C0652815C24ECEAD662820 /* MapKit.framework */,
				771C1874EB104B29834D006B /* CoreLocation.framework */,
				674CFC238253476E8326FBE7 /* libCIMLua.a */,
				468AF7E77CF4418885DBA30C /* libCIMLuaDebugServerIOS.a */,
				9266342DB8507C712DBA738C /* libCIMLuaBindingMapKit.a */,
				A47D495419411457035F1274 /* libCIMLuaBindingWatchKit.a */,
				129600B1B06B2CDF1DBF5C05 /* libCIMLuaBindingFoundation.a */,
				6D243DDC7C47E72BA3353086 /* libCIMLuaBindingCoreLocation.a */,
				E497CF931B3368F64FF3F2A6 /* libCIMLuaBindingWatchApp1 WatchKit Extension.a */,
			);
			name = Frameworks;
			sourceTree = "<group>";
		};
		FD6CEAD51A1DF57500DE01B0 /* WatchApp1 WatchKit Extension */ = {
			isa = PBXGroup;
			children = (
				FD6CEAD91A1DF57500DE01B0 /* InterfaceController.h */,
				FD6CEADA1A1DF57500DE01B0 /* InterfaceController.m */,
				FD22727A1A416828000C77C3 /* DetailController.h */,
				FD22727B1A416828000C77C3 /* DetailController.m */,
				FD6CEADC1A1DF57500DE01B0 /* NotificationController.h */,
				FD6CEADD1A1DF57500DE01B0 /* NotificationController.m */,
				FD90F8151A2486E900251ED4 /* MapController.h */,
				FD90F8161A2486E900251ED4 /* MapController.m */,
				FD1B81991A237C7A00BCB35D /* SpearmanController.h */,
				FD1B819A1A237C7A00BCB35D /* SpearmanController.m */,
				FD7E8C131A1E37B500DE8818 /* LuaContext.m */,
				FD6CEAE21A1DF57500DE01B0 /* Images.xcassets */,
				FD6CEAD61A1DF57500DE01B0 /* Supporting Files */,
			);
			path = "WatchApp1 WatchKit Extension";
			sourceTree = "<group>";
		};
		FD6CEAD61A1DF57500DE01B0 /* Supporting Files */ = {
			isa = PBXGroup;
			children = (
				FD6CEAD71A1DF57500DE01B0 /* Info.plist */,
				FD6CEAD81A1DF57500DE01B0 /* PushNotificationPayload.json */,
				FD05F8101A20D94C00ABD79E /* PushNotificationPayload 2.json */,
			);
			name = "Supporting Files";
			sourceTree = "<group>";
		};
		FD6CEAEA1A1DF57500DE01B0 /* WatchApp1 Watch App */ = {
			isa = PBXGroup;
			children = (
				FD6CEAED1A1DF57500DE01B0 /* Interface.storyboard */,
				FD1B81821A2379DC00BCB35D /* Images */,
				FD6CEAEF1A1DF57500DE01B0 /* Images.xcassets */,
				FD6CEAEB1A1DF57500DE01B0 /* Supporting Files */,
			);
			path = "WatchApp1 Watch App";
			sourceTree = "<group>";
		};
		FD6CEAEB1A1DF57500DE01B0 /* Supporting Files */ = {
			isa = PBXGroup;
			children = (
				FD6CEAEC1A1DF57500DE01B0 /* Info.plist */,
			);
			name = "Supporting Files";
			sourceTree = "<group>";
		};
/* End PBXGroup section */

/* Begin PBXNativeTarget section */
		FD6CEAA91A1DF52800DE01B0 /* WatchApp1 */ = {
			isa = PBXNativeTarget;
			buildConfigurationList = FD6CEAC71A1DF52800DE01B0 /* Build configuration list for PBXNativeTarget "WatchApp1" */;
			buildPhases = (
				FD6CEAA61A1DF52800DE01B0 /* Sources */,
				FD6CEAA71A1DF52800DE01B0 /* Frameworks */,
				FD6CEAA81A1DF52800DE01B0 /* Resources */,
				FD6CEAFA1A1DF57500DE01B0 /* Embed App Extensions */,
			);
			buildRules = (
			);
			dependencies = (
				FD6CEAF21A1DF57500DE01B0 /* PBXTargetDependency */,
			);
			name = WatchApp1;
			productName = WatchApp1;
			productReference = FD6CEAAA1A1DF52800DE01B0 /* WatchApp1.app */;
			productType = "com.apple.product-type.application";
		};
		FD6CEAD01A1DF57500DE01B0 /* WatchApp1 WatchKit Extension */ = {
			isa = PBXNativeTarget;
			buildConfigurationList = FD6CEAF71A1DF57500DE01B0 /* Build configuration list for PBXNativeTarget "WatchApp1 WatchKit Extension" */;
			buildPhases = (
				FD6CEACD1A1DF57500DE01B0 /* Sources */,
				FD6CEACE1A1DF57500DE01B0 /* Frameworks */,
				FD6CEACF1A1DF57500DE01B0 /* Resources */,
			);
			buildRules = (
			);
			dependencies = (
				FD6CEAE91A1DF57500DE01B0 /* PBXTargetDependency */,
			);
			name = "WatchApp1 WatchKit Extension";
			productName = "WatchApp1 WatchKit Extension";
			productReference = FD6CEAD11A1DF57500DE01B0 /* WatchApp1 WatchKit Extension.appex */;
			productType = "com.apple.product-type.watchkit-extension";
		};
		FD6CEAE51A1DF57500DE01B0 /* WatchApp1 Watch App */ = {
			isa = PBXNativeTarget;
			buildConfigurationList = FD6CEAF41A1DF57500DE01B0 /* Build configuration list for PBXNativeTarget "WatchApp1 Watch App" */;
			buildPhases = (
				FD6CEAE41A1DF57500DE01B0 /* Resources */,
			);
			buildRules = (
			);
			dependencies = (
			);
			name = "WatchApp1 Watch App";
			productName = "WatchApp1 Watch App";
			productReference = FD6CEAE61A1DF57500DE01B0 /* WatchApp1 Watch App.app */;
			productType = "com.apple.product-type.application.watchapp";
		};
/* End PBXNativeTarget section */

/* Begin PBXProject section */
		FD6CEAA21A1DF52800DE01B0 /* Project object */ = {
			isa = PBXProject;
			attributes = {
				LastUpgradeCheck = 0620;
				ORGANIZATIONNAME = Celedev;
				TargetAttributes = {
					FD6CEAA91A1DF52800DE01B0 = {
						CreatedOnToolsVersion = 6.2;
						DevelopmentTeam = 7V6VCE4Z4V;
						SystemCapabilities = {
							com.apple.ApplicationGroups.iOS = {
								enabled = 1;
							};
						};
					};
					FD6CEAD01A1DF57500DE01B0 = {
						CreatedOnToolsVersion = 6.2;
						DevelopmentTeam = 7V6VCE4Z4V;
					};
					FD6CEAE51A1DF57500DE01B0 = {
						CreatedOnToolsVersion = 6.2;
					};
				};
			};
			buildConfigurationList = FD6CEAA51A1DF52800DE01B0 /* Build configuration list for PBXProject "WatchApp1" */;
			compatibilityVersion = "Xcode 3.2";
			developmentRegion = English;
			hasScannedForEncodings = 0;
			knownRegions = (
				en,
				Base,
			);
			mainGroup = FD6CEAA11A1DF52800DE01B0;
			productRefGroup = FD6CEAAB1A1DF52800DE01B0 /* Products */;
			projectDirPath = "";
			projectRoot = "";
			targets = (
				FD6CEAA91A1DF52800DE01B0 /* WatchApp1 */,
				FD6CEAD01A1DF57500DE01B0 /* WatchApp1 WatchKit Extension */,
				FD6CEAE51A1DF57500DE01B0 /* WatchApp1 Watch App */,
			);
		};
/* End PBXProject section */

/* Begin PBXResourcesBuildPhase section */
		FD6CEAA81A1DF52800DE01B0 /* Resources */ = {
			isa = PBXResourcesBuildPhase;
			buildActionMask = 2147483647;
			files = (
				FD6CEAB81A1DF52800DE01B0 /* LaunchScreen.xib in Resources */,
				FD6CEAB51A1DF52800DE01B0 /* Images.xcassets in Resources */,
			);
			runOnlyForDeploymentPostprocessing = 0;
		};
		FD6CEACF1A1DF57500DE01B0 /* Resources */ = {
			isa = PBXResourcesBuildPhase;
			buildActionMask = 2147483647;
			files = (
				FD6CEAE31A1DF57500DE01B0 /* Images.xcassets in Resources */,
				FD6CEAE71A1DF57500DE01B0 /* WatchApp1 Watch App.app in Resources */,
				FD05F8111A20D94C00ABD79E /* PushNotificationPayload 2.json in Resources */,
			);
			runOnlyForDeploymentPostprocessing = 0;
		};
		FD6CEAE41A1DF57500DE01B0 /* Resources */ = {
			isa = PBXResourcesBuildPhase;
			buildActionMask = 2147483647;
			files = (
				FD6CEAEE1A1DF57500DE01B0 /* Interface.storyboard in Resources */,
				FD1B81931A237A0900BCB35D /* bSpearman_Walk_Left7@2x.png in Resources */,
				FD1B81961A237A0900BCB35D /* bSpearman_Walk_Left10@2x.png in Resources */,
				FD1B818D1A237A0900BCB35D /* bSpearman_Walk_Left1@2x.png in Resources */,
				FD1B81921A237A0900BCB35D /* bSpearman_Walk_Left6@2x.png in Resources */,
				FD1B819F1A2388EB00BCB35D /* rabbit@2x.png in Resources */,
				FD1B81941A237A0900BCB35D /* bSpearman_Walk_Left8@2x.png in Resources */,
				FD1B818E1A237A0900BCB35D /* bSpearman_Walk_Left2@2x.png in Resources */,
				FD6CEAF01A1DF57500DE01B0 /* Images.xcassets in Resources */,
				FD1B81901A237A0900BCB35D /* bSpearman_Walk_Left4@2x.png in Resources */,
				FD1B81911A237A0900BCB35D /* bSpearman_Walk_Left5@2x.png in Resources */,
				FD1B81951A237A0900BCB35D /* bSpearman_Walk_Left9@2x.png in Resources */,
				FD1B819E1A2388EB00BCB35D /* snail@2x.png in Resources */,
				FD1B81981A237AC900BCB35D /* GreenCheckedIcon@2x.png in Resources */,
				FD1B818F1A237A0900BCB35D /* bSpearman_Walk_Left3@2x.png in Resources */,
			);
			runOnlyForDeploymentPostprocessing = 0;
		};
/* End PBXResourcesBuildPhase section */

/* Begin PBXSourcesBuildPhase section */
		FD6CEAA61A1DF52800DE01B0 /* Sources */ = {
			isa = PBXSourcesBuildPhase;
			buildActionMask = 2147483647;
			files = (
				FD6CEAB31A1DF52800DE01B0 /* AppDelegate.m in Sources */,
				FD6CEAB01A1DF52800DE01B0 /* main.m in Sources */,
			);
			runOnlyForDeploymentPostprocessing = 0;
		};
		FD6CEACD1A1DF57500DE01B0 /* Sources */ = {
			isa = PBXSourcesBuildPhase;
			buildActionMask = 2147483647;
			files = (
				FD1B819B1A237C7A00BCB35D /* SpearmanController.m in Sources */,
				FD6CEADE1A1DF57500DE01B0 /* NotificationController.m in Sources */,
				FD6CEADB1A1DF57500DE01B0 /* InterfaceController.m in Sources */,
				FD22727C1A416828000C77C3 /* DetailController.m in Sources */,
				FD0B2DC21A222FB900461532 /* LuaContext.m in Sources */,
				FD90F8171A2486E900251ED4 /* MapController.m in Sources */,
			);
			runOnlyForDeploymentPostprocessing = 0;
		};
/* End PBXSourcesBuildPhase section */

/* Begin PBXTargetDependency section */
		FD6CEAE91A1DF57500DE01B0 /* PBXTargetDependency */ = {
			isa = PBXTargetDependency;
			target = FD6CEAE51A1DF57500DE01B0 /* WatchApp1 Watch App */;
			targetProxy = FD6CEAE81A1DF57500DE01B0 /* PBXContainerItemProxy */;
		};
		FD6CEAF21A1DF57500DE01B0 /* PBXTargetDependency */ = {
			isa = PBXTargetDependency;
			target = FD6CEAD01A1DF57500DE01B0 /* WatchApp1 WatchKit Extension */;
			targetProxy = FD6CEAF11A1DF57500DE01B0 /* PBXContainerItemProxy */;
		};
/* End PBXTargetDependency section */

/* Begin PBXVariantGroup section */
		FD6CEAB61A1DF52800DE01B0 /* LaunchScreen.xib */ = {
			isa = PBXVariantGroup;
			children = (
				FD6CEAB71A1DF52800DE01B0 /* Base */,
			);
			name = LaunchScreen.xib;
			sourceTree = "<group>";
		};
/* End PBXVariantGroup section */

/* Begin XCBuildConfiguration section */
		FD6CEAC51A1DF52800DE01B0 /* Debug */ = {
			isa = XCBuildConfiguration;
			buildSettings = {
				ALWAYS_SEARCH_USER_PATHS = NO;
				CLANG_CXX_LANGUAGE_STANDARD = "gnu++0x";
				CLANG_CXX_LIBRARY = "libc++";
				CLANG_ENABLE_MODULES = YES;
				CLANG_ENABLE_OBJC_ARC = YES;
				CLANG_WARN_BOOL_CONVERSION = YES;
				CLANG_WARN_CONSTANT_CONVERSION = YES;
				CLANG_WARN_DIRECT_OBJC_ISA_USAGE = YES_ERROR;
				CLANG_WARN_EMPTY_BODY = YES;
				CLANG_WARN_ENUM_CONVERSION = YES;
				CLANG_WARN_INT_CONVERSION = YES;
				CLANG_WARN_OBJC_ROOT_CLASS = YES_ERROR;
				CLANG_WARN_UNREACHABLE_CODE = YES;
				CLANG_WARN__DUPLICATE_METHOD_MATCH = YES;
				"CODE_SIGN_IDENTITY[sdk=iphoneos*]" = "iPhone Developer";
				COPY_PHASE_STRIP = NO;
				ENABLE_STRICT_OBJC_MSGSEND = YES;
				GCC_C_LANGUAGE_STANDARD = gnu99;
				GCC_DYNAMIC_NO_PIC = NO;
				GCC_OPTIMIZATION_LEVEL = 0;
				GCC_PREPROCESSOR_DEFINITIONS = (
					"DEBUG=1",
					"$(inherited)",
				);
				GCC_SYMBOLS_PRIVATE_EXTERN = NO;
				GCC_WARN_64_TO_32_BIT_CONVERSION = YES;
				GCC_WARN_ABOUT_RETURN_TYPE = YES_ERROR;
				GCC_WARN_UNDECLARED_SELECTOR = YES;
				GCC_WARN_UNINITIALIZED_AUTOS = YES_AGGRESSIVE;
				GCC_WARN_UNUSED_FUNCTION = YES;
				GCC_WARN_UNUSED_VARIABLE = YES;
				IPHONEOS_DEPLOYMENT_TARGET = 8.2;
				MTL_ENABLE_DEBUG_INFO = YES;
				ONLY_ACTIVE_ARCH = YES;
				SDKROOT = iphoneos;
				TARGETED_DEVICE_FAMILY = "1,2";
			};
			name = Debug;
		};
		FD6CEAC61A1DF52800DE01B0 /* Release */ = {
			isa = XCBuildConfiguration;
			buildSettings = {
				ALWAYS_SEARCH_USER_PATHS = NO;
				CLANG_CXX_LANGUAGE_STANDARD = "gnu++0x";
				CLANG_CXX_LIBRARY = "libc++";
				CLANG_ENABLE_MODULES = YES;
				CLANG_ENABLE_OBJC_ARC = YES;
				CLANG_WARN_BOOL_CONVERSION = YES;
				CLANG_WARN_CONSTANT_CONVERSION = YES;
				CLANG_WARN_DIRECT_OBJC_ISA_USAGE = YES_ERROR;
				CLANG_WARN_EMPTY_BODY = YES;
				CLANG_WARN_ENUM_CONVERSION = YES;
				CLANG_WARN_INT_CONVERSION = YES;
				CLANG_WARN_OBJC_ROOT_CLASS = YES_ERROR;
				CLANG_WARN_UNREACHABLE_CODE = YES;
				CLANG_WARN__DUPLICATE_METHOD_MATCH = YES;
				"CODE_SIGN_IDENTITY[sdk=iphoneos*]" = "iPhone Developer";
				COPY_PHASE_STRIP = YES;
				ENABLE_NS_ASSERTIONS = NO;
				ENABLE_STRICT_OBJC_MSGSEND = YES;
				GCC_C_LANGUAGE_STANDARD = gnu99;
				GCC_WARN_64_TO_32_BIT_CONVERSION = YES;
				GCC_WARN_ABOUT_RETURN_TYPE = YES_ERROR;
				GCC_WARN_UNDECLARED_SELECTOR = YES;
				GCC_WARN_UNINITIALIZED_AUTOS = YES_AGGRESSIVE;
				GCC_WARN_UNUSED_FUNCTION = YES;
				GCC_WARN_UNUSED_VARIABLE = YES;
				IPHONEOS_DEPLOYMENT_TARGET = 8.2;
				MTL_ENABLE_DEBUG_INFO = NO;
				SDKROOT = iphoneos;
				TARGETED_DEVICE_FAMILY = "1,2";
				VALIDATE_PRODUCT = YES;
			};
			name = Release;
		};
		FD6CEAC81A1DF52800DE01B0 /* Debug */ = {
			isa = XCBuildConfiguration;
			buildSettings = {
				ASSETCATALOG_COMPILER_APPICON_NAME = AppIcon;
				CODE_SIGN_ENTITLEMENTS = WatchApp1/WatchApp1.entitlements;
				CODE_SIGN_IDENTITY = "iPhone Developer";
				"CODE_SIGN_IDENTITY[sdk=iphoneos*]" = "iPhone Developer";
				HEADER_SEARCH_PATHS = "";
				INFOPLIST_FILE = WatchApp1/Info.plist;
				LD_RUNPATH_SEARCH_PATHS = "$(inherited) @executable_path/Frameworks";
				LIBRARY_SEARCH_PATHS = "";
				OTHER_LDFLAGS = "-ObjC";
				PRODUCT_NAME = "$(TARGET_NAME)";
				PROVISIONING_PROFILE = "";
			};
			name = Debug;
		};
		FD6CEAC91A1DF52800DE01B0 /* Release */ = {
			isa = XCBuildConfiguration;
			buildSettings = {
				ASSETCATALOG_COMPILER_APPICON_NAME = AppIcon;
				CODE_SIGN_ENTITLEMENTS = WatchApp1/WatchApp1.entitlements;
				CODE_SIGN_IDENTITY = "iPhone Developer";
				"CODE_SIGN_IDENTITY[sdk=iphoneos*]" = "iPhone Developer";
				HEADER_SEARCH_PATHS = "";
				INFOPLIST_FILE = WatchApp1/Info.plist;
				LD_RUNPATH_SEARCH_PATHS = "$(inherited) @executable_path/Frameworks";
				LIBRARY_SEARCH_PATHS = "";
				OTHER_LDFLAGS = "-ObjC";
				PRODUCT_NAME = "$(TARGET_NAME)";
				PROVISIONING_PROFILE = "";
			};
			name = Release;
		};
		FD6CEAF51A1DF57500DE01B0 /* Debug */ = {
			isa = XCBuildConfiguration;
			buildSettings = {
				ASSETCATALOG_COMPILER_APPICON_NAME = AppIcon;
				ASSETCATALOG_COMPILER_LAUNCHIMAGE_NAME = LaunchImage;
				GCC_PREPROCESSOR_DEFINITIONS = (
					"DEBUG=1",
					"$(inherited)",
				);
				IBSC_MODULE = WatchApp1_WatchKit_Extension;
				INFOPLIST_FILE = "WatchApp1 Watch App/Info.plist";
				PRODUCT_NAME = "$(TARGET_NAME)";
				SKIP_INSTALL = YES;
				TARGETED_DEVICE_FAMILY = 4;
				"TARGETED_DEVICE_FAMILY[sdk=iphonesimulator*]" = "1,4";
			};
			name = Debug;
		};
		FD6CEAF61A1DF57500DE01B0 /* Release */ = {
			isa = XCBuildConfiguration;
			buildSettings = {
				ASSETCATALOG_COMPILER_APPICON_NAME = AppIcon;
				ASSETCATALOG_COMPILER_LAUNCHIMAGE_NAME = LaunchImage;
				IBSC_MODULE = WatchApp1_WatchKit_Extension;
				INFOPLIST_FILE = "WatchApp1 Watch App/Info.plist";
				PRODUCT_NAME = "$(TARGET_NAME)";
				SKIP_INSTALL = YES;
				TARGETED_DEVICE_FAMILY = 4;
				"TARGETED_DEVICE_FAMILY[sdk=iphonesimulator*]" = "1,4";
			};
			name = Release;
		};
		FD6CEAF81A1DF57500DE01B0 /* Debug */ = {
			isa = XCBuildConfiguration;
			buildSettings = {
				CODE_SIGN_IDENTITY = "iPhone Developer";
				GCC_PREPROCESSOR_DEFINITIONS = (
					"DEBUG=1",
					"$(inherited)",
				);
				HEADER_SEARCH_PATHS = "$(USER_LIBRARY_DIR)/Application\\ Support/com.celedev.CodeFlow/headers";
				INFOPLIST_FILE = "WatchApp1 WatchKit Extension/Info.plist";
				LD_RUNPATH_SEARCH_PATHS = "$(inherited) @executable_path/Frameworks @executable_path/../../Frameworks";
				LIBRARY_SEARCH_PATHS = (
					"$(USER_LIBRARY_DIR)/Application\\ Support/com.celedev.CodeFlow/iphoneos",
					"$(USER_LIBRARY_DIR)/Developer/Xcode/DerivedData/LuaTest-fkilfqoreoqntwgjcpovsikrwyun/Build/Products/Debug-iphoneos",
					"$(USER_LIBRARY_DIR)/Application\\ Support/com.celedev.CodeFlow/iphoneos/iOS-8.3-SDK.luabindings/BindingLibs",
					"$(USER_LIBRARY_DIR)/Caches/com.celedev.CodeFlow/Programs/E8D3191B-CDEC-400A-8F55-7CA0F2D3F99C/ExternalLibs/WatchApp1\\ WatchKit\\ Extension.luabindings/BindingLibs",
				);
				OTHER_LDFLAGS = "-ObjC";
				PRODUCT_NAME = "${TARGET_NAME}";
				SKIP_INSTALL = YES;
			};
			name = Debug;
		};
		FD6CEAF91A1DF57500DE01B0 /* Release */ = {
			isa = XCBuildConfiguration;
			buildSettings = {
				CODE_SIGN_IDENTITY = "iPhone Developer";
				HEADER_SEARCH_PATHS = "$(USER_LIBRARY_DIR)/Application\\ Support/com.celedev.CodeFlow/headers";
				INFOPLIST_FILE = "WatchApp1 WatchKit Extension/Info.plist";
				LD_RUNPATH_SEARCH_PATHS = "$(inherited) @executable_path/Frameworks @executable_path/../../Frameworks";
				LIBRARY_SEARCH_PATHS = (
					"$(USER_LIBRARY_DIR)/Application\\ Support/com.celedev.CodeFlow/iphoneos",
					"$(USER_LIBRARY_DIR)/Developer/Xcode/DerivedData/LuaTest-fkilfqoreoqntwgjcpovsikrwyun/Build/Products/Debug-iphoneos",
					"$(USER_LIBRARY_DIR)/Application\\ Support/com.celedev.CodeFlow/iphoneos/iOS-8.3-SDK.luabindings/BindingLibs",
					"$(USER_LIBRARY_DIR)/Caches/com.celedev.CodeFlow/Programs/E8D3191B-CDEC-400A-8F55-7CA0F2D3F99C/ExternalLibs/WatchApp1\\ WatchKit\\ Extension.luabindings/BindingLibs",
				);
				OTHER_LDFLAGS = "-ObjC";
				PRODUCT_NAME = "${TARGET_NAME}";
				SKIP_INSTALL = YES;
			};
			name = Release;
		};
/* End XCBuildConfiguration section */

/* Begin XCConfigurationList section */
		FD6CEAA51A1DF52800DE01B0 /* Build configuration list for PBXProject "WatchApp1" */ = {
			isa = XCConfigurationList;
			buildConfigurations = (
				FD6CEAC51A1DF52800DE01B0 /* Debug */,
				FD6CEAC61A1DF52800DE01B0 /* Release */,
			);
			defaultConfigurationIsVisible = 0;
			defaultConfigurationName = Release;
		};
		FD6CEAC71A1DF52800DE01B0 /* Build configuration list for PBXNativeTarget "WatchApp1" */ = {
			isa = XCConfigurationList;
			buildConfigurations = (
				FD6CEAC81A1DF52800DE01B0 /* Debug */,
				FD6CEAC91A1DF52800DE01B0 /* Release */,
			);
			defaultConfigurationIsVisible = 0;
			defaultConfigurationName = Release;
		};
		FD6CEAF41A1DF57500DE01B0 /* Build configuration list for PBXNativeTarget "WatchApp1 Watch App" */ = {
			isa = XCConfigurationList;
			buildConfigurations = (
				FD6CEAF51A1DF57500DE01B0 /* Debug */,
				FD6CEAF61A1DF57500DE01B0 /* Release */,
			);
			defaultConfigurationIsVisible = 0;
			defaultConfigurationName = Release;
		};
		FD6CEAF71A1DF57500DE01B0 /* Build configuration list for PBXNativeTarget "WatchApp1 WatchKit Extension" */ = {
			isa = XCConfigurationList;
			buildConfigurations = (
				FD6CEAF81A1DF57500DE01B0 /* Debug */,
				FD6CEAF91A1DF57500DE01B0 /* Release */,
			);
			defaultConfigurationIsVisible = 0;
			defaultConfigurationName = Release;
		};
/* End XCConfigurationList section */
	};
	rootObject = FD6CEAA21A1DF52800DE01B0 /* Project object */;
}
